
Microsoft Visual Studio Solution File, Format Version 12.00
Project("{FAE04EC0-301F-11D3-BF4B-00C04F79EFBC}") = "AutomationTestsExample.Tests", "AutomationTestsExample.Tests\AutomationTestsExample.Tests.csproj", "{AD5C589F-33B7-4466-A3F0-6FBD6F7128B0}"
EndProject
Global
	GlobalSection(SolutionConfigurationPlatforms) = preSolution
		Debug|Any CPU = Debug|Any CPU
		Release|Any CPU = Release|Any CPU
	EndGlobalSection
	GlobalSection(ProjectConfigurationPlatforms) = postSolution
		{AD5C589F-33B7-4466-A3F0-6FBD6F7128B0}.Debug|Any CPU.ActiveCfg = Debug|Any CPU
		{AD5C589F-33B7-4466-A3F0-6FBD6F7128B0}.Debug|Any CPU.Build.0 = Debug|Any CPU
		{AD5C589F-33B7-4466-A3F0-6FBD6F7128B0}.Release|Any CPU.ActiveCfg = Release|Any CPU
		{AD5C589F-33B7-4466-A3F0-6FBD6F7128B0}.Release|Any CPU.Build.0 = Release|Any CPU
	EndGlobalSection
EndGlobal
